
Microsoft Visual Studio Solution File, Format Version 12.00
# Visual Studio Version 17
VisualStudioVersion = 17.8.34322.80
MinimumVisualStudioVersion = 10.0.40219.1
Project("{9A19103F-16F7-4668-BE54-9A1E7A4F7556}") = "Dictionaries", "Dictionaries\Dictionaries.csproj", "{30D20AF9-D92A-46A4-8C09-7E20585E00BA}"
EndProject
Project("{9A19103F-16F7-4668-BE54-9A1E7A4F7556}") = "Dictionaries.Entities", "Dictionaries.Entities\Dictionaries.Entities.csproj", "{81A93847-7FCE-4165-96B1-ED8619AF2D8D}"
EndProject
Project("{FAE04EC0-301F-11D3-BF4B-00C04F79EFBC}") = "Reports", "Reports\Reports.csproj", "{82124B58-369F-4546-9AD7-9E923C290306}"
EndProject
Global
	GlobalSection(SolutionConfigurationPlatforms) = preSolution
		Debug|Any CPU = Debug|Any CPU
		Release|Any CPU = Release|Any CPU
	EndGlobalSection
	GlobalSection(ProjectConfigurationPlatforms) = postSolution
		{30D20AF9-D92A-46A4-8C09-7E20585E00BA}.Debug|Any CPU.ActiveCfg = Debug|Any CPU
		{30D20AF9-D92A-46A4-8C09-7E20585E00BA}.Debug|Any CPU.Build.0 = Debug|Any CPU
		{30D20AF9-D92A-46A4-8C09-7E20585E00BA}.Release|Any CPU.ActiveCfg = Release|Any CPU
		{30D20AF9-D92A-46A4-8C09-7E20585E00BA}.Release|Any CPU.Build.0 = Release|Any CPU
		{81A93847-7FCE-4165-96B1-ED8619AF2D8D}.Debug|Any CPU.ActiveCfg = Debug|Any CPU
		{81A93847-7FCE-4165-96B1-ED8619AF2D8D}.Debug|Any CPU.Build.0 = Debug|Any CPU
		{81A93847-7FCE-4165-96B1-ED8619AF2D8D}.Release|Any CPU.ActiveCfg = Release|Any CPU
		{81A93847-7FCE-4165-96B1-ED8619AF2D8D}.Release|Any CPU.Build.0 = Release|Any CPU
		{82124B58-369F-4546-9AD7-9E923C290306}.Debug|Any CPU.ActiveCfg = Debug|Any CPU
		{82124B58-369F-4546-9AD7-9E923C290306}.Debug|Any CPU.Build.0 = Debug|Any CPU
		{82124B58-369F-4546-9AD7-9E923C290306}.Release|Any CPU.ActiveCfg = Release|Any CPU
		{82124B58-369F-4546-9AD7-9E923C290306}.Release|Any CPU.Build.0 = Release|Any CPU
	EndGlobalSection
	GlobalSection(SolutionProperties) = preSolution
		HideSolutionNode = FALSE
	EndGlobalSection
	GlobalSection(ExtensibilityGlobals) = postSolution
		SolutionGuid = {7D28F30E-6BEE-4553-B00C-19DCDB04EB4B}
	EndGlobalSection
EndGlobal
